
Microsoft Visual Studio Solution File, Format Version 12.00
Project("{FAE04EC0-301F-11D3-BF4B-00C04F79EFBC}") = "WebSocketReact", "WebSocketReact\WebSocketReact.csproj", "{34FBC151-BF35-4832-AA00-306F58756456}"
EndProject
Global
	GlobalSection(SolutionConfigurationPlatforms) = preSolution
		Debug|Any CPU = Debug|Any CPU
		Release|Any CPU = Release|Any CPU
	EndGlobalSection
	GlobalSection(ProjectConfigurationPlatforms) = postSolution
		{34FBC151-BF35-4832-AA00-306F58756456}.Debug|Any CPU.ActiveCfg = Debug|Any CPU
		{34FBC151-BF35-4832-AA00-306F58756456}.Debug|Any CPU.Build.0 = Debug|Any CPU
		{34FBC151-BF35-4832-AA00-306F58756456}.Release|Any CPU.ActiveCfg = Release|Any CPU
		{34FBC151-BF35-4832-AA00-306F58756456}.Release|Any CPU.Build.0 = Release|Any CPU
	EndGlobalSection
EndGlobal
